
Microsoft Visual Studio Solution File, Format Version 12.00
# Visual Studio 2013
VisualStudioVersion = 12.0.31101.0
MinimumVisualStudioVersion = 10.0.40219.1
Project("{FAE04EC0-301F-11D3-BF4B-00C04F79EFBC}") = "YPD", "YPD\YPD.csproj", "{17EB8299-CFB6-4AED-81F1-91D83F3B1052}"
EndProject
Project("{FAE04EC0-301F-11D3-BF4B-00C04F79EFBC}") = "FordFulkersonEdmondsKarp", "FordFulkersonEdmondsKarp\FordFulkersonEdmondsKarp.csproj", "{4EC4E454-0AE7-4A45-932B-F1A3AE387E2C}"
EndProject
Project("{FAE04EC0-301F-11D3-BF4B-00C04F79EFBC}") = "DoggyDog", "DoggyDog\DoggyDog.csproj", "{2D9347EB-6DAF-4513-84B4-477D45F38272}"
EndProject
Global
	GlobalSection(SolutionConfigurationPlatforms) = preSolution
		Debug|Any CPU = Debug|Any CPU
		Release|Any CPU = Release|Any CPU
	EndGlobalSection
	GlobalSection(ProjectConfigurationPlatforms) = postSolution
		{17EB8299-CFB6-4AED-81F1-91D83F3B1052}.Debug|Any CPU.ActiveCfg = Debug|Any CPU
		{17EB8299-CFB6-4AED-81F1-91D83F3B1052}.Debug|Any CPU.Build.0 = Debug|Any CPU
		{17EB8299-CFB6-4AED-81F1-91D83F3B1052}.Release|Any CPU.ActiveCfg = Release|Any CPU
		{17EB8299-CFB6-4AED-81F1-91D83F3B1052}.Release|Any CPU.Build.0 = Release|Any CPU
		{4EC4E454-0AE7-4A45-932B-F1A3AE387E2C}.Debug|Any CPU.ActiveCfg = Debug|Any CPU
		{4EC4E454-0AE7-4A45-932B-F1A3AE387E2C}.Debug|Any CPU.Build.0 = Debug|Any CPU
		{4EC4E454-0AE7-4A45-932B-F1A3AE387E2C}.Release|Any CPU.ActiveCfg = Release|Any CPU
		{4EC4E454-0AE7-4A45-932B-F1A3AE387E2C}.Release|Any CPU.Build.0 = Release|Any CPU
		{2D9347EB-6DAF-4513-84B4-477D45F38272}.Debug|Any CPU.ActiveCfg = Debug|Any CPU
		{2D9347EB-6DAF-4513-84B4-477D45F38272}.Debug|Any CPU.Build.0 = Debug|Any CPU
		{2D9347EB-6DAF-4513-84B4-477D45F38272}.Release|Any CPU.ActiveCfg = Release|Any CPU
		{2D9347EB-6DAF-4513-84B4-477D45F38272}.Release|Any CPU.Build.0 = Release|Any CPU
	EndGlobalSection
	GlobalSection(SolutionProperties) = preSolution
		HideSolutionNode = FALSE
	EndGlobalSection
EndGlobal
